
Microsoft Visual Studio Solution File, Format Version 12.00
# Visual Studio Version 16
VisualStudioVersion = 16.0.29728.190
MinimumVisualStudioVersion = 10.0.40219.1
Project("{9A19103F-16F7-4668-BE54-9A1E7A4F7556}") = "Nomad", "Nomad\Nomad.csproj", "{52B747F7-F0CA-4F64-A306-C7C71C9809FA}"
EndProject
Project("{FAE04EC0-301F-11D3-BF4B-00C04F79EFBC}") = "Nomad-Tests", "Nomad-Tests\Nomad-Tests.csproj", "{CA1F851A-559A-4726-8695-DD85B898C6FA}"
EndProject
Global
	GlobalSection(SolutionConfigurationPlatforms) = preSolution
		Debug|Any CPU = Debug|Any CPU
		Release|Any CPU = Release|Any CPU
	EndGlobalSection
	GlobalSection(ProjectConfigurationPlatforms) = postSolution
		{52B747F7-F0CA-4F64-A306-C7C71C9809FA}.Debug|Any CPU.ActiveCfg = Debug|Any CPU
		{52B747F7-F0CA-4F64-A306-C7C71C9809FA}.Debug|Any CPU.Build.0 = Debug|Any CPU
		{52B747F7-F0CA-4F64-A306-C7C71C9809FA}.Release|Any CPU.ActiveCfg = Release|Any CPU
		{52B747F7-F0CA-4F64-A306-C7C71C9809FA}.Release|Any CPU.Build.0 = Release|Any CPU
		{CA1F851A-559A-4726-8695-DD85B898C6FA}.Debug|Any CPU.ActiveCfg = Debug|Any CPU
		{CA1F851A-559A-4726-8695-DD85B898C6FA}.Debug|Any CPU.Build.0 = Debug|Any CPU
		{CA1F851A-559A-4726-8695-DD85B898C6FA}.Release|Any CPU.ActiveCfg = Release|Any CPU
		{CA1F851A-559A-4726-8695-DD85B898C6FA}.Release|Any CPU.Build.0 = Release|Any CPU
	EndGlobalSection
	GlobalSection(SolutionProperties) = preSolution
		HideSolutionNode = FALSE
	EndGlobalSection
	GlobalSection(ExtensibilityGlobals) = postSolution
		SolutionGuid = {5FC6B222-E4BE-47F0-80A3-07EB5371E5D3}
	EndGlobalSection
EndGlobal
